
Microsoft Visual Studio Solution File, Format Version 12.00
# Visual Studio 14
VisualStudioVersion = 14.0.25420.1
MinimumVisualStudioVersion = 10.0.40219.1
Project("{FAE04EC0-301F-11D3-BF4B-00C04F79EFBC}") = "WarehouseClient", "WarehouseClient.csproj", "{E9D79315-4483-4FC9-B40D-567B65F08C06}"
EndProject
Project("{FAE04EC0-301F-11D3-BF4B-00C04F79EFBC}") = "WarehouseServiceHoster", "..\WarehouseServiceHoster\WarehouseServiceHoster.csproj", "{E8BA97F9-EBA0-4B22-819A-4EB471E54B89}"
EndProject
Project("{FAE04EC0-301F-11D3-BF4B-00C04F79EFBC}") = "WarehouseWebService", "..\WarehouseWebService\WarehouseWebService.csproj", "{2C5F08CD-A505-489D-BB4D-2A6E3B33A9B3}"
EndProject
Project("{FAE04EC0-301F-11D3-BF4B-00C04F79EFBC}") = "WarehouseBL", "..\WarehouseBL\WarehouseBL.csproj", "{0964368B-82B0-4521-B5E8-3379880E77AA}"
EndProject
Project("{FAE04EC0-301F-11D3-BF4B-00C04F79EFBC}") = "WarehouseDAL", "..\WarehouseDAL\WarehouseDAL.csproj", "{401DC347-6CA0-4A50-B907-0C49334DEED8}"
EndProject
Project("{FAE04EC0-301F-11D3-BF4B-00C04F79EFBC}") = "DALTest", "..\DALTest\DALTest.csproj", "{F9445BE9-4C32-4349-9FE7-8FE1F44F78F4}"
EndProject
Project("{FAE04EC0-301F-11D3-BF4B-00C04F79EFBC}") = "Logger", "..\Logger\Logger.csproj", "{9EF7BDC9-A78D-4DF3-AB4F-8C9DC0422040}"
EndProject
Global
	GlobalSection(SolutionConfigurationPlatforms) = preSolution
		Debug|Any CPU = Debug|Any CPU
		Debug|x86 = Debug|x86
		Release|Any CPU = Release|Any CPU
		Release|x86 = Release|x86
	EndGlobalSection
	GlobalSection(ProjectConfigurationPlatforms) = postSolution
		{E9D79315-4483-4FC9-B40D-567B65F08C06}.Debug|Any CPU.ActiveCfg = Debug|Any CPU
		{E9D79315-4483-4FC9-B40D-567B65F08C06}.Debug|Any CPU.Build.0 = Debug|Any CPU
		{E9D79315-4483-4FC9-B40D-567B65F08C06}.Debug|x86.ActiveCfg = Debug|x86
		{E9D79315-4483-4FC9-B40D-567B65F08C06}.Debug|x86.Build.0 = Debug|x86
		{E9D79315-4483-4FC9-B40D-567B65F08C06}.Release|Any CPU.ActiveCfg = Release|Any CPU
		{E9D79315-4483-4FC9-B40D-567B65F08C06}.Release|Any CPU.Build.0 = Release|Any CPU
		{E9D79315-4483-4FC9-B40D-567B65F08C06}.Release|x86.ActiveCfg = Release|x86
		{E9D79315-4483-4FC9-B40D-567B65F08C06}.Release|x86.Build.0 = Release|x86
		{E8BA97F9-EBA0-4B22-819A-4EB471E54B89}.Debug|Any CPU.ActiveCfg = Debug|Any CPU
		{E8BA97F9-EBA0-4B22-819A-4EB471E54B89}.Debug|Any CPU.Build.0 = Debug|Any CPU
		{E8BA97F9-EBA0-4B22-819A-4EB471E54B89}.Debug|x86.ActiveCfg = Debug|x86
		{E8BA97F9-EBA0-4B22-819A-4EB471E54B89}.Debug|x86.Build.0 = Debug|x86
		{E8BA97F9-EBA0-4B22-819A-4EB471E54B89}.Release|Any CPU.ActiveCfg = Release|Any CPU
		{E8BA97F9-EBA0-4B22-819A-4EB471E54B89}.Release|Any CPU.Build.0 = Release|Any CPU
		{E8BA97F9-EBA0-4B22-819A-4EB471E54B89}.Release|x86.ActiveCfg = Release|x86
		{E8BA97F9-EBA0-4B22-819A-4EB471E54B89}.Release|x86.Build.0 = Release|x86
		{2C5F08CD-A505-489D-BB4D-2A6E3B33A9B3}.Debug|Any CPU.ActiveCfg = Debug|Any CPU
		{2C5F08CD-A505-489D-BB4D-2A6E3B33A9B3}.Debug|Any CPU.Build.0 = Debug|Any CPU
		{2C5F08CD-A505-489D-BB4D-2A6E3B33A9B3}.Debug|x86.ActiveCfg = Debug|x86
		{2C5F08CD-A505-489D-BB4D-2A6E3B33A9B3}.Debug|x86.Build.0 = Debug|x86
		{2C5F08CD-A505-489D-BB4D-2A6E3B33A9B3}.Release|Any CPU.ActiveCfg = Release|Any CPU
		{2C5F08CD-A505-489D-BB4D-2A6E3B33A9B3}.Release|Any CPU.Build.0 = Release|Any CPU
		{2C5F08CD-A505-489D-BB4D-2A6E3B33A9B3}.Release|x86.ActiveCfg = Release|x86
		{2C5F08CD-A505-489D-BB4D-2A6E3B33A9B3}.Release|x86.Build.0 = Release|x86
		{0964368B-82B0-4521-B5E8-3379880E77AA}.Debug|Any CPU.ActiveCfg = Debug|Any CPU
		{0964368B-82B0-4521-B5E8-3379880E77AA}.Debug|Any CPU.Build.0 = Debug|Any CPU
		{0964368B-82B0-4521-B5E8-3379880E77AA}.Debug|x86.ActiveCfg = Debug|x86
		{0964368B-82B0-4521-B5E8-3379880E77AA}.Debug|x86.Build.0 = Debug|x86
		{0964368B-82B0-4521-B5E8-3379880E77AA}.Release|Any CPU.ActiveCfg = Release|Any CPU
		{0964368B-82B0-4521-B5E8-3379880E77AA}.Release|Any CPU.Build.0 = Release|Any CPU
		{0964368B-82B0-4521-B5E8-3379880E77AA}.Release|x86.ActiveCfg = Release|x86
		{0964368B-82B0-4521-B5E8-3379880E77AA}.Release|x86.Build.0 = Release|x86
		{401DC347-6CA0-4A50-B907-0C49334DEED8}.Debug|Any CPU.ActiveCfg = Debug|Any CPU
		{401DC347-6CA0-4A50-B907-0C49334DEED8}.Debug|Any CPU.Build.0 = Debug|Any CPU
		{401DC347-6CA0-4A50-B907-0C49334DEED8}.Debug|x86.ActiveCfg = Debug|x86
		{401DC347-6CA0-4A50-B907-0C49334DEED8}.Debug|x86.Build.0 = Debug|x86
		{401DC347-6CA0-4A50-B907-0C49334DEED8}.Release|Any CPU.ActiveCfg = Release|Any CPU
		{401DC347-6CA0-4A50-B907-0C49334DEED8}.Release|Any CPU.Build.0 = Release|Any CPU
		{401DC347-6CA0-4A50-B907-0C49334DEED8}.Release|x86.ActiveCfg = Release|x86
		{401DC347-6CA0-4A50-B907-0C49334DEED8}.Release|x86.Build.0 = Release|x86
		{F9445BE9-4C32-4349-9FE7-8FE1F44F78F4}.Debug|Any CPU.ActiveCfg = Debug|Any CPU
		{F9445BE9-4C32-4349-9FE7-8FE1F44F78F4}.Debug|Any CPU.Build.0 = Debug|Any CPU
		{F9445BE9-4C32-4349-9FE7-8FE1F44F78F4}.Debug|x86.ActiveCfg = Debug|x86
		{F9445BE9-4C32-4349-9FE7-8FE1F44F78F4}.Debug|x86.Build.0 = Debug|x86
		{F9445BE9-4C32-4349-9FE7-8FE1F44F78F4}.Release|Any CPU.ActiveCfg = Release|Any CPU
		{F9445BE9-4C32-4349-9FE7-8FE1F44F78F4}.Release|Any CPU.Build.0 = Release|Any CPU
		{F9445BE9-4C32-4349-9FE7-8FE1F44F78F4}.Release|x86.ActiveCfg = Release|x86
		{F9445BE9-4C32-4349-9FE7-8FE1F44F78F4}.Release|x86.Build.0 = Release|x86
		{9EF7BDC9-A78D-4DF3-AB4F-8C9DC0422040}.Debug|Any CPU.ActiveCfg = Debug|Any CPU
		{9EF7BDC9-A78D-4DF3-AB4F-8C9DC0422040}.Debug|Any CPU.Build.0 = Debug|Any CPU
		{9EF7BDC9-A78D-4DF3-AB4F-8C9DC0422040}.Debug|x86.ActiveCfg = Debug|Any CPU
		{9EF7BDC9-A78D-4DF3-AB4F-8C9DC0422040}.Debug|x86.Build.0 = Debug|Any CPU
		{9EF7BDC9-A78D-4DF3-AB4F-8C9DC0422040}.Release|Any CPU.ActiveCfg = Release|Any CPU
		{9EF7BDC9-A78D-4DF3-AB4F-8C9DC0422040}.Release|Any CPU.Build.0 = Release|Any CPU
		{9EF7BDC9-A78D-4DF3-AB4F-8C9DC0422040}.Release|x86.ActiveCfg = Release|Any CPU
		{9EF7BDC9-A78D-4DF3-AB4F-8C9DC0422040}.Release|x86.Build.0 = Release|Any CPU
	EndGlobalSection
	GlobalSection(SolutionProperties) = preSolution
		HideSolutionNode = FALSE
	EndGlobalSection
EndGlobal
